
Microsoft Visual Studio Solution File, Format Version 12.00
# Visual Studio Version 17
VisualStudioVersion = 17.7.34024.191
MinimumVisualStudioVersion = 10.0.40219.1
Project("{FAE04EC0-301F-11D3-BF4B-00C04F79EFBC}") = "GestionaleAlbergo", "GestionaleAlbergo\GestionaleAlbergo.csproj", "{4333C65A-DE47-428B-8C57-D171494DD625}"
EndProject
Global
	GlobalSection(SolutionConfigurationPlatforms) = preSolution
		Debug|Any CPU = Debug|Any CPU
		Release|Any CPU = Release|Any CPU
	EndGlobalSection
	GlobalSection(ProjectConfigurationPlatforms) = postSolution
		{4333C65A-DE47-428B-8C57-D171494DD625}.Debug|Any CPU.ActiveCfg = Debug|Any CPU
		{4333C65A-DE47-428B-8C57-D171494DD625}.Debug|Any CPU.Build.0 = Debug|Any CPU
		{4333C65A-DE47-428B-8C57-D171494DD625}.Release|Any CPU.ActiveCfg = Release|Any CPU
		{4333C65A-DE47-428B-8C57-D171494DD625}.Release|Any CPU.Build.0 = Release|Any CPU
	EndGlobalSection
	GlobalSection(SolutionProperties) = preSolution
		HideSolutionNode = FALSE
	EndGlobalSection
	GlobalSection(ExtensibilityGlobals) = postSolution
		SolutionGuid = {8F184C28-1214-4C29-BA7B-49AB52578EA2}
	EndGlobalSection
EndGlobal
